
Microsoft Visual Studio Solution File, Format Version 12.00
# Visual Studio 15
VisualStudioVersion = 15.0.28307.1259
MinimumVisualStudioVersion = 10.0.40219.1
Project("{FAE04EC0-301F-11D3-BF4B-00C04F79EFBC}") = "MesaRestaurant", "MesaRestaurant\MesaRestaurant.csproj", "{7350EF56-0A7A-4CB9-BF8B-682B9C54E53C}"
EndProject
Project("{FAE04EC0-301F-11D3-BF4B-00C04F79EFBC}") = "BLL", "BLL\BLL.csproj", "{B7C71880-5BCA-4594-8437-BEE4CC141F2B}"
EndProject
Project("{FAE04EC0-301F-11D3-BF4B-00C04F79EFBC}") = "DAL", "DAL\DAL.csproj", "{04BFE01D-9127-4170-AD27-2F35E68F472D}"
EndProject
Project("{FAE04EC0-301F-11D3-BF4B-00C04F79EFBC}") = "PruebaCargaRextaurantXXI", "PruebaCargaRextaurantXXI\PruebaCargaRextaurantXXI.csproj", "{45AF0507-C6B1-493A-9900-42D036683C0C}"
EndProject
Project("{2150E333-8FDC-42A3-9474-1A3956D46DE8}") = "Solution Items", "Solution Items", "{2E05990F-D9A7-4D68-AEDA-E22CC21D322A}"
	ProjectSection(SolutionItems) = preProject
		Local.testsettings = Local.testsettings
	EndProjectSection
EndProject
Global
	GlobalSection(SolutionConfigurationPlatforms) = preSolution
		Debug|Any CPU = Debug|Any CPU
		Release|Any CPU = Release|Any CPU
	EndGlobalSection
	GlobalSection(ProjectConfigurationPlatforms) = postSolution
		{7350EF56-0A7A-4CB9-BF8B-682B9C54E53C}.Debug|Any CPU.ActiveCfg = Debug|Any CPU
		{7350EF56-0A7A-4CB9-BF8B-682B9C54E53C}.Debug|Any CPU.Build.0 = Debug|Any CPU
		{7350EF56-0A7A-4CB9-BF8B-682B9C54E53C}.Release|Any CPU.ActiveCfg = Release|Any CPU
		{7350EF56-0A7A-4CB9-BF8B-682B9C54E53C}.Release|Any CPU.Build.0 = Release|Any CPU
		{B7C71880-5BCA-4594-8437-BEE4CC141F2B}.Debug|Any CPU.ActiveCfg = Debug|Any CPU
		{B7C71880-5BCA-4594-8437-BEE4CC141F2B}.Debug|Any CPU.Build.0 = Debug|Any CPU
		{B7C71880-5BCA-4594-8437-BEE4CC141F2B}.Release|Any CPU.ActiveCfg = Release|Any CPU
		{B7C71880-5BCA-4594-8437-BEE4CC141F2B}.Release|Any CPU.Build.0 = Release|Any CPU
		{04BFE01D-9127-4170-AD27-2F35E68F472D}.Debug|Any CPU.ActiveCfg = Debug|Any CPU
		{04BFE01D-9127-4170-AD27-2F35E68F472D}.Debug|Any CPU.Build.0 = Debug|Any CPU
		{04BFE01D-9127-4170-AD27-2F35E68F472D}.Release|Any CPU.ActiveCfg = Release|Any CPU
		{04BFE01D-9127-4170-AD27-2F35E68F472D}.Release|Any CPU.Build.0 = Release|Any CPU
		{45AF0507-C6B1-493A-9900-42D036683C0C}.Debug|Any CPU.ActiveCfg = Debug|Any CPU
		{45AF0507-C6B1-493A-9900-42D036683C0C}.Debug|Any CPU.Build.0 = Debug|Any CPU
		{45AF0507-C6B1-493A-9900-42D036683C0C}.Release|Any CPU.ActiveCfg = Release|Any CPU
		{45AF0507-C6B1-493A-9900-42D036683C0C}.Release|Any CPU.Build.0 = Release|Any CPU
	EndGlobalSection
	GlobalSection(SolutionProperties) = preSolution
		HideSolutionNode = FALSE
	EndGlobalSection
	GlobalSection(ExtensibilityGlobals) = postSolution
		SolutionGuid = {BE874052-459C-4D68-A795-CEEEA516C5CF}
	EndGlobalSection
EndGlobal
